<Solution>
  <Configurations>
    <Platform Name="Any CPU" />
    <Platform Name="ARM" />
    <Platform Name="iPhone" />
    <Platform Name="iPhoneSimulator" />
    <Platform Name="Mixed Platforms" />
    <Platform Name="x64" />
    <Platform Name="x86" />
  </Configurations>
  <Folder Name="/Solution Items/">
    <File Path=".editorconfig" />
    <File Path="azure-pipelines.yml" />
    <File Path="Directory.Build.props" />
    <File Path="global.json" />
    <File Path="README.md" />
    <File Path="version.json" />
  </Folder>
  <Folder Name="/Test Apps/">
    <Project Path="Zeroconf.Maui.Test/Zeroconf.Maui.Test.csproj">
      <Deploy />
    </Project>
    <Project Path="Zeroconf.Maui.TestRunner/Zeroconf.Maui.TestRunner.csproj">
      <Deploy />
    </Project>
    <Project Path="ZeroconfTest.NetFx/ZeroconfTest.NetCore.csproj">
      <Build Solution="*|ARM" Project="false" />
      <Build Solution="*|iPhone" Project="false" />
      <Build Solution="*|iPhoneSimulator" Project="false" />
      <Build Solution="*|x64" Project="false" />
      <Build Solution="*|x86" Project="false" />
    </Project>
  </Folder>
  <Project Path="Zeroconf/Zeroconf.csproj" />
  <Properties Name="MonoDevelopProperties">
    <Property Name="$0.DotNetNamingPolicy" Value="$1" />
    <Property Name="$0.StandardHeader" Value="$2" />
    <Property Name="$1.DirectoryNamespaceAssociation" Value="PrefixedHierarchical" />
    <Property Name="Policies" Value="$0" />
  </Properties>
</Solution>
